{
  "name": "hello-teo",
  "version": "1.0.0",
  "lockfileVersion": 3,
  "requires": true,
  "packages": {
    "": {
      "name": "hello-teo",
      "version": "1.0.0",
      "license": "ISC",
      "dependencies": {
        "@teodevgroup/teo": "^0.3.1"
      }
    },
    "node_modules/@teodevgroup/teo": {
      "version": "0.3.1",
      "resolved": "https://registry.npmjs.org/@teodevgroup/teo/-/teo-0.3.1.tgz",
      "integrity": "sha512-EhRjeff09hV6+v2DdIqO/b+0mNZwVVEnD9O8pzlAdiA2Eiaerrhu0CIFmfeXHtFqsrK1tAfNWBnQcH2vKJBbtg==",
      "license": "Apache-2.0",
      "dependencies": {
        "decimal.js": "^10.4.3"
      },
      "bin": {
        "teo": "teo.js"
      },
      "engines": {
        "node": ">= 10"
      },
      "optionalDependencies": {
        "@teodevgroup/teo-android-arm-eabi": "0.3.1",
        "@teodevgroup/teo-android-arm64": "0.3.1",
        "@teodevgroup/teo-darwin-arm64": "0.3.1",
        "@teodevgroup/teo-darwin-universal": "0.3.1",
        "@teodevgroup/teo-darwin-x64": "0.3.1",
        "@teodevgroup/teo-freebsd-x64": "0.3.1",
        "@teodevgroup/teo-linux-arm-gnueabihf": "0.3.1",
        "@teodevgroup/teo-linux-arm64-gnu": "0.3.1",
        "@teodevgroup/teo-linux-arm64-musl": "0.3.1",
        "@teodevgroup/teo-linux-riscv64-gnu": "0.3.1",
        "@teodevgroup/teo-linux-x64-gnu": "0.3.1",
        "@teodevgroup/teo-linux-x64-musl": "0.3.1",
        "@teodevgroup/teo-win32-arm64-msvc": "0.3.1",
        "@teodevgroup/teo-win32-ia32-msvc": "0.3.1",
        "@teodevgroup/teo-win32-x64-msvc": "0.3.1"
      }
    },
    "node_modules/@teodevgroup/teo-darwin-arm64": {
      "version": "0.3.1",
      "resolved": "https://registry.npmjs.org/@teodevgroup/teo-darwin-arm64/-/teo-darwin-arm64-0.3.1.tgz",
      "integrity": "sha512-crTzgnNCJbOiHIo5O8F8wUuAItTDYmGhYWuW8rp5OCL57xk5XiCGwHRLxbemQiv2fV6y8aGvEyssBTVexE5rcQ==",
      "cpu": [
        "arm64"
      ],
      "license": "Apache-2.0",
      "optional": true,
      "os": [
        "darwin"
      ],
      "engines": {
        "node": ">= 10"
      }
    },
    "node_modules/@teodevgroup/teo-darwin-universal": {
      "version": "0.3.1",
      "resolved": "https://registry.npmjs.org/@teodevgroup/teo-darwin-universal/-/teo-darwin-universal-0.3.1.tgz",
      "integrity": "sha512-L53SuC6bXL/+z0JG6IzWEYTbptNtGHPAZqSOTZSXP/luySPKRoeCO+RczmmOwspitUKu1qAILikyU/w+slIqHg==",
      "license": "Apache-2.0",
      "optional": true,
      "os": [
        "darwin"
      ],
      "engines": {
        "node": ">= 10"
      }
    },
    "node_modules/@teodevgroup/teo-darwin-x64": {
      "version": "0.3.1",
      "resolved": "https://registry.npmjs.org/@teodevgroup/teo-darwin-x64/-/teo-darwin-x64-0.3.1.tgz",
      "integrity": "sha512-Scx9SKL3QBCWAVwPIc5gkMWkO+Qx5Snp5GIf7p9f4qvdBLRgYO6j3WLOcKHMcca+sSOjNhiL1SrJLGGjJig6yw==",
      "cpu": [
        "x64"
      ],
      "license": "Apache-2.0",
      "optional": true,
      "os": [
        "darwin"
      ],
      "engines": {
        "node": ">= 10"
      }
    },
    "node_modules/@teodevgroup/teo-linux-arm64-gnu": {
      "version": "0.3.1",
      "resolved": "https://registry.npmjs.org/@teodevgroup/teo-linux-arm64-gnu/-/teo-linux-arm64-gnu-0.3.1.tgz",
      "integrity": "sha512-wciyUtDr4mVEW2VK86eAED25xN0hmUp7uHlRgS+u1AZcANU3eI5vrh8EdWZtmP1nsfnURWOvqybCt3CYmzN9vw==",
      "cpu": [
        "arm64"
      ],
      "license": "Apache-2.0",
      "optional": true,
      "os": [
        "linux"
      ],
      "engines": {
        "node": ">= 10"
      }
    },
    "node_modules/@teodevgroup/teo-linux-arm64-musl": {
      "version": "0.3.1",
      "resolved": "https://registry.npmjs.org/@teodevgroup/teo-linux-arm64-musl/-/teo-linux-arm64-musl-0.3.1.tgz",
      "integrity": "sha512-1ftLkub/0bPyWbS74aNWq8/2TcGjpSKAg47FqhJRa6UIJQQFb0iNLAQXgbJv5INjIUxuzKKVsKGJulFTRjGcNA==",
      "cpu": [
        "arm64"
      ],
      "license": "Apache-2.0",
      "optional": true,
      "os": [
        "linux"
      ],
      "engines": {
        "node": ">= 10"
      }
    },
    "node_modules/@teodevgroup/teo-linux-x64-gnu": {
      "version": "0.3.1",
      "resolved": "https://registry.npmjs.org/@teodevgroup/teo-linux-x64-gnu/-/teo-linux-x64-gnu-0.3.1.tgz",
      "integrity": "sha512-BY2MGquv9AOyTvJA5sxW3DE4QXz3N1v65VD7sxqzkQt7pIxAlby0dvL3AmRGY7Vm1gZIP6E5fdnUqKiBtipZEQ==",
      "cpu": [
        "x64"
      ],
      "license": "Apache-2.0",
      "optional": true,
      "os": [
        "linux"
      ],
      "engines": {
        "node": ">= 10"
      }
    },
    "node_modules/@teodevgroup/teo-linux-x64-musl": {
      "version": "0.3.1",
      "resolved": "https://registry.npmjs.org/@teodevgroup/teo-linux-x64-musl/-/teo-linux-x64-musl-0.3.1.tgz",
      "integrity": "sha512-7UvaVCRQ0EFccamYkci8YZxNWjxehH56VS4W+2uGImHMgBvnkxj4mM7ZeoV86DgArH1LSIwIDueor40PYU0WAA==",
      "cpu": [
        "x64"
      ],
      "license": "Apache-2.0",
      "optional": true,
      "os": [
        "linux"
      ],
      "engines": {
        "node": ">= 10"
      }
    },
    "node_modules/@teodevgroup/teo-win32-arm64-msvc": {
      "version": "0.3.1",
      "resolved": "https://registry.npmjs.org/@teodevgroup/teo-win32-arm64-msvc/-/teo-win32-arm64-msvc-0.3.1.tgz",
      "integrity": "sha512-xh8Tt+Nl35HhmSIaUDJv3KemmdGE6JswypMxfCEd4YvS4sAEutz+03REvDccy9RyM0jNE+r3K8K1x7xM+wD3UQ==",
      "cpu": [
        "arm64"
      ],
      "license": "Apache-2.0",
      "optional": true,
      "os": [
        "win32"
      ],
      "engines": {
        "node": ">= 10"
      }
    },
    "node_modules/@teodevgroup/teo-win32-ia32-msvc": {
      "version": "0.3.1",
      "resolved": "https://registry.npmjs.org/@teodevgroup/teo-win32-ia32-msvc/-/teo-win32-ia32-msvc-0.3.1.tgz",
      "integrity": "sha512-uDurQBycTKMHx6RD8xRf0gsalrLf/yLRAZSpkZQbxW6BylXRaqHfoQQ54VYfFGpO1lp84nJQpxgZ5g9sKlbRSg==",
      "cpu": [
        "ia32"
      ],
      "license": "Apache-2.0",
      "optional": true,
      "os": [
        "win32"
      ],
      "engines": {
        "node": ">= 10"
      }
    },
    "node_modules/@teodevgroup/teo-win32-x64-msvc": {
      "version": "0.3.1",
      "resolved": "https://registry.npmjs.org/@teodevgroup/teo-win32-x64-msvc/-/teo-win32-x64-msvc-0.3.1.tgz",
      "integrity": "sha512-O1pfeedRV6soJ5Ocqq2fbZOTRZjB3f1VK5ptdAA93PUy2Nr2IlJv7DIjiu+Xyo515LUeJrrb6aBJzlJ/jAB5Ow==",
      "cpu": [
        "x64"
      ],
      "license": "Apache-2.0",
      "optional": true,
      "os": [
        "win32"
      ],
      "engines": {
        "node": ">= 10"
      }
    },
    "node_modules/decimal.js": {
      "version": "10.4.3",
      "resolved": "https://registry.npmjs.org/decimal.js/-/decimal.js-10.4.3.tgz",
      "integrity": "sha512-VBBaLc1MgL5XpzgIP7ny5Z6Nx3UrRkIViUkPUdtl9aya5amy3De1gsUUSB1g3+3sExYNjCAsAznmukyxCb1GRA==",
      "license": "MIT"
    }
  }
}
