{
  "name": "hello-teo-handlers",
  "version": "1.0.0",
  "lockfileVersion": 3,
  "requires": true,
  "packages": {
    "": {
      "name": "hello-teo-handlers",
      "version": "1.0.0",
      "license": "ISC",
      "dependencies": {
        "@teodevgroup/teo": "^0.3.2"
      },
      "devDependencies": {
        "ts-node": "^10.9.2",
        "typescript": "^5.6.3"
      }
    },
    "node_modules/@cspotcode/source-map-support": {
      "version": "0.8.1",
      "resolved": "https://registry.npmjs.org/@cspotcode/source-map-support/-/source-map-support-0.8.1.tgz",
      "integrity": "sha512-IchNf6dN4tHoMFIn/7OE8LWZ19Y6q/67Bmf6vnGREv8RSbBVb9LPJxEcnwrcwX6ixSvaiGoomAUvu4YSxXrVgw==",
      "dev": true,
      "license": "MIT",
      "dependencies": {
        "@jridgewell/trace-mapping": "0.3.9"
      },
      "engines": {
        "node": ">=12"
      }
    },
    "node_modules/@jridgewell/resolve-uri": {
      "version": "3.1.2",
      "resolved": "https://registry.npmjs.org/@jridgewell/resolve-uri/-/resolve-uri-3.1.2.tgz",
      "integrity": "sha512-bRISgCIjP20/tbWSPWMEi54QVPRZExkuD9lJL+UIxUKtwVJA8wW1Trb1jMs1RFXo1CBTNZ/5hpC9QvmKWdopKw==",
      "dev": true,
      "license": "MIT",
      "engines": {
        "node": ">=6.0.0"
      }
    },
    "node_modules/@jridgewell/sourcemap-codec": {
      "version": "1.5.0",
      "resolved": "https://registry.npmjs.org/@jridgewell/sourcemap-codec/-/sourcemap-codec-1.5.0.tgz",
      "integrity": "sha512-gv3ZRaISU3fjPAgNsriBRqGWQL6quFx04YMPW/zD8XMLsU32mhCCbfbO6KZFLjvYpCZ8zyDEgqsgf+PwPaM7GQ==",
      "dev": true,
      "license": "MIT"
    },
    "node_modules/@jridgewell/trace-mapping": {
      "version": "0.3.9",
      "resolved": "https://registry.npmjs.org/@jridgewell/trace-mapping/-/trace-mapping-0.3.9.tgz",
      "integrity": "sha512-3Belt6tdc8bPgAtbcmdtNJlirVoTmEb5e2gC94PnkwEW9jI6CAHUeoG85tjWP5WquqfavoMtMwiG4P926ZKKuQ==",
      "dev": true,
      "license": "MIT",
      "dependencies": {
        "@jridgewell/resolve-uri": "^3.0.3",
        "@jridgewell/sourcemap-codec": "^1.4.10"
      }
    },
    "node_modules/@teodevgroup/teo": {
      "version": "0.3.2",
      "resolved": "https://registry.npmjs.org/@teodevgroup/teo/-/teo-0.3.2.tgz",
      "integrity": "sha512-TdurRCceh+veu6CFKtSrZBpuDIzTSGJ/rTDsg+6iFc2WGJzg1sgDUY86MlT+XBw6RxPrmoAtrplSKCbL+xqVIA==",
      "license": "Apache-2.0",
      "dependencies": {
        "decimal.js": "^10.4.3"
      },
      "bin": {
        "teo": "teo.js"
      },
      "engines": {
        "node": ">= 10"
      },
      "optionalDependencies": {
        "@teodevgroup/teo-android-arm-eabi": "0.3.2",
        "@teodevgroup/teo-android-arm64": "0.3.2",
        "@teodevgroup/teo-darwin-arm64": "0.3.2",
        "@teodevgroup/teo-darwin-universal": "0.3.2",
        "@teodevgroup/teo-darwin-x64": "0.3.2",
        "@teodevgroup/teo-freebsd-x64": "0.3.2",
        "@teodevgroup/teo-linux-arm-gnueabihf": "0.3.2",
        "@teodevgroup/teo-linux-arm64-gnu": "0.3.2",
        "@teodevgroup/teo-linux-arm64-musl": "0.3.2",
        "@teodevgroup/teo-linux-riscv64-gnu": "0.3.2",
        "@teodevgroup/teo-linux-x64-gnu": "0.3.2",
        "@teodevgroup/teo-linux-x64-musl": "0.3.2",
        "@teodevgroup/teo-win32-arm64-msvc": "0.3.2",
        "@teodevgroup/teo-win32-ia32-msvc": "0.3.2",
        "@teodevgroup/teo-win32-x64-msvc": "0.3.2"
      }
    },
    "node_modules/@teodevgroup/teo-darwin-arm64": {
      "version": "0.3.2",
      "resolved": "https://registry.npmjs.org/@teodevgroup/teo-darwin-arm64/-/teo-darwin-arm64-0.3.2.tgz",
      "integrity": "sha512-LuzzWcXX8iF5bbeus5NofYlMIrgyw9POGR1gl03O8BrfewTGi95io1OgE2zYMREcvdorGRskeWrSvy9XmBbJkA==",
      "cpu": [
        "arm64"
      ],
      "license": "Apache-2.0",
      "optional": true,
      "os": [
        "darwin"
      ],
      "engines": {
        "node": ">= 10"
      }
    },
    "node_modules/@teodevgroup/teo-darwin-universal": {
      "version": "0.3.2",
      "resolved": "https://registry.npmjs.org/@teodevgroup/teo-darwin-universal/-/teo-darwin-universal-0.3.2.tgz",
      "integrity": "sha512-Kpx9d7g9LLNlu2UrBVRxVtftahcV+K9Me1MHXqecJiWf4rqsVD5EN2kGJBhzRLhD7H/LPMPfufAf6YcpMZzLaA==",
      "license": "Apache-2.0",
      "optional": true,
      "os": [
        "darwin"
      ],
      "engines": {
        "node": ">= 10"
      }
    },
    "node_modules/@teodevgroup/teo-darwin-x64": {
      "version": "0.3.2",
      "resolved": "https://registry.npmjs.org/@teodevgroup/teo-darwin-x64/-/teo-darwin-x64-0.3.2.tgz",
      "integrity": "sha512-vtnBUqbbHKgq1QPjPDpLIiU9ZAe16xpPha1xu+DCBmH4rot8iD777DCuibaBT1m+xXVePTig0/sKqrbSScrk3g==",
      "cpu": [
        "x64"
      ],
      "license": "Apache-2.0",
      "optional": true,
      "os": [
        "darwin"
      ],
      "engines": {
        "node": ">= 10"
      }
    },
    "node_modules/@teodevgroup/teo-linux-arm64-gnu": {
      "version": "0.3.2",
      "resolved": "https://registry.npmjs.org/@teodevgroup/teo-linux-arm64-gnu/-/teo-linux-arm64-gnu-0.3.2.tgz",
      "integrity": "sha512-vEzL/Cri+NOxl2u7C1jTEqrULBZQ79rtdzyFLbhWrg0UdAFHvTrNnj0YqAGyntXGWL1UwvFk+wDlNoiUrB4DLQ==",
      "cpu": [
        "arm64"
      ],
      "license": "Apache-2.0",
      "optional": true,
      "os": [
        "linux"
      ],
      "engines": {
        "node": ">= 10"
      }
    },
    "node_modules/@teodevgroup/teo-linux-arm64-musl": {
      "version": "0.3.2",
      "resolved": "https://registry.npmjs.org/@teodevgroup/teo-linux-arm64-musl/-/teo-linux-arm64-musl-0.3.2.tgz",
      "integrity": "sha512-NA7L7jZc2S/Luk4uG0Uo8ImbD6+SmBC+yAmHp79J3V//yVEVXfWkH5RmYi8y2Et+mRQoNbnvO3+ZrRIqZlf08w==",
      "cpu": [
        "arm64"
      ],
      "license": "Apache-2.0",
      "optional": true,
      "os": [
        "linux"
      ],
      "engines": {
        "node": ">= 10"
      }
    },
    "node_modules/@teodevgroup/teo-linux-x64-gnu": {
      "version": "0.3.2",
      "resolved": "https://registry.npmjs.org/@teodevgroup/teo-linux-x64-gnu/-/teo-linux-x64-gnu-0.3.2.tgz",
      "integrity": "sha512-n9CjEi2sWJg69Xk2We4pKfEcNAKLyK0ivjPP5gtIj42Og1WEkNj8HtNhXYo8KvPLMfe45/g6l6Yk850v3ZOJMA==",
      "cpu": [
        "x64"
      ],
      "license": "Apache-2.0",
      "optional": true,
      "os": [
        "linux"
      ],
      "engines": {
        "node": ">= 10"
      }
    },
    "node_modules/@teodevgroup/teo-linux-x64-musl": {
      "version": "0.3.2",
      "resolved": "https://registry.npmjs.org/@teodevgroup/teo-linux-x64-musl/-/teo-linux-x64-musl-0.3.2.tgz",
      "integrity": "sha512-Vepj1cDGHqGI9Ug6nxklUy0CSgEOtS27AEk/6YD7Ne/3rOVpNPtZYQzd2ZqSF0OhWE1/vGLxy+PEb5KhII4xWg==",
      "cpu": [
        "x64"
      ],
      "license": "Apache-2.0",
      "optional": true,
      "os": [
        "linux"
      ],
      "engines": {
        "node": ">= 10"
      }
    },
    "node_modules/@teodevgroup/teo-win32-arm64-msvc": {
      "version": "0.3.2",
      "resolved": "https://registry.npmjs.org/@teodevgroup/teo-win32-arm64-msvc/-/teo-win32-arm64-msvc-0.3.2.tgz",
      "integrity": "sha512-4Kf8DFmtI+IEqdWEpbCamS1jrt5mH3ByhisEXpTOCfd5vpW9VlcfvOwJ41TzGTp7HU8mxANSPUYABo/AsnrQZw==",
      "cpu": [
        "arm64"
      ],
      "license": "Apache-2.0",
      "optional": true,
      "os": [
        "win32"
      ],
      "engines": {
        "node": ">= 10"
      }
    },
    "node_modules/@teodevgroup/teo-win32-ia32-msvc": {
      "version": "0.3.2",
      "resolved": "https://registry.npmjs.org/@teodevgroup/teo-win32-ia32-msvc/-/teo-win32-ia32-msvc-0.3.2.tgz",
      "integrity": "sha512-4zEEbKj2FjfgktAMi7L2Ws76Lj5SGwhj6AsZ9+fjnbCI9dYBS0Ct3NpMqKk31KXvi60W5zw//WkK8SU9JVXLww==",
      "cpu": [
        "ia32"
      ],
      "license": "Apache-2.0",
      "optional": true,
      "os": [
        "win32"
      ],
      "engines": {
        "node": ">= 10"
      }
    },
    "node_modules/@teodevgroup/teo-win32-x64-msvc": {
      "version": "0.3.2",
      "resolved": "https://registry.npmjs.org/@teodevgroup/teo-win32-x64-msvc/-/teo-win32-x64-msvc-0.3.2.tgz",
      "integrity": "sha512-BbIQE8R86WNK+X58INGlzGP3NgthxDG/GHcS7E9G9FV3SxCRY9+ye0ti/zh22OzchbdbJlxem37OS7Aesgtmyw==",
      "cpu": [
        "x64"
      ],
      "license": "Apache-2.0",
      "optional": true,
      "os": [
        "win32"
      ],
      "engines": {
        "node": ">= 10"
      }
    },
    "node_modules/@tsconfig/node10": {
      "version": "1.0.11",
      "resolved": "https://registry.npmjs.org/@tsconfig/node10/-/node10-1.0.11.tgz",
      "integrity": "sha512-DcRjDCujK/kCk/cUe8Xz8ZSpm8mS3mNNpta+jGCA6USEDfktlNvm1+IuZ9eTcDbNk41BHwpHHeW+N1lKCz4zOw==",
      "dev": true,
      "license": "MIT"
    },
    "node_modules/@tsconfig/node12": {
      "version": "1.0.11",
      "resolved": "https://registry.npmjs.org/@tsconfig/node12/-/node12-1.0.11.tgz",
      "integrity": "sha512-cqefuRsh12pWyGsIoBKJA9luFu3mRxCA+ORZvA4ktLSzIuCUtWVxGIuXigEwO5/ywWFMZ2QEGKWvkZG1zDMTag==",
      "dev": true,
      "license": "MIT"
    },
    "node_modules/@tsconfig/node14": {
      "version": "1.0.3",
      "resolved": "https://registry.npmjs.org/@tsconfig/node14/-/node14-1.0.3.tgz",
      "integrity": "sha512-ysT8mhdixWK6Hw3i1V2AeRqZ5WfXg1G43mqoYlM2nc6388Fq5jcXyr5mRsqViLx/GJYdoL0bfXD8nmF+Zn/Iow==",
      "dev": true,
      "license": "MIT"
    },
    "node_modules/@tsconfig/node16": {
      "version": "1.0.4",
      "resolved": "https://registry.npmjs.org/@tsconfig/node16/-/node16-1.0.4.tgz",
      "integrity": "sha512-vxhUy4J8lyeyinH7Azl1pdd43GJhZH/tP2weN8TntQblOY+A0XbT8DJk1/oCPuOOyg/Ja757rG0CgHcWC8OfMA==",
      "dev": true,
      "license": "MIT"
    },
    "node_modules/@types/node": {
      "version": "22.9.1",
      "resolved": "https://registry.npmjs.org/@types/node/-/node-22.9.1.tgz",
      "integrity": "sha512-p8Yy/8sw1caA8CdRIQBG5tiLHmxtQKObCijiAa9Ez+d4+PRffM4054xbju0msf+cvhJpnFEeNjxmVT/0ipktrg==",
      "dev": true,
      "license": "MIT",
      "peer": true,
      "dependencies": {
        "undici-types": "~6.19.8"
      }
    },
    "node_modules/acorn": {
      "version": "8.14.0",
      "resolved": "https://registry.npmjs.org/acorn/-/acorn-8.14.0.tgz",
      "integrity": "sha512-cl669nCJTZBsL97OF4kUQm5g5hC2uihk0NxY3WENAC0TYdILVkAyHymAntgxGkl7K+t0cXIrH5siy5S4XkFycA==",
      "dev": true,
      "license": "MIT",
      "bin": {
        "acorn": "bin/acorn"
      },
      "engines": {
        "node": ">=0.4.0"
      }
    },
    "node_modules/acorn-walk": {
      "version": "8.3.4",
      "resolved": "https://registry.npmjs.org/acorn-walk/-/acorn-walk-8.3.4.tgz",
      "integrity": "sha512-ueEepnujpqee2o5aIYnvHU6C0A42MNdsIDeqy5BydrkuC5R1ZuUFnm27EeFJGoEHJQgn3uleRvmTXaJgfXbt4g==",
      "dev": true,
      "license": "MIT",
      "dependencies": {
        "acorn": "^8.11.0"
      },
      "engines": {
        "node": ">=0.4.0"
      }
    },
    "node_modules/arg": {
      "version": "4.1.3",
      "resolved": "https://registry.npmjs.org/arg/-/arg-4.1.3.tgz",
      "integrity": "sha512-58S9QDqG0Xx27YwPSt9fJxivjYl432YCwfDMfZ+71RAqUrZef7LrKQZ3LHLOwCS4FLNBplP533Zx895SeOCHvA==",
      "dev": true,
      "license": "MIT"
    },
    "node_modules/create-require": {
      "version": "1.1.1",
      "resolved": "https://registry.npmjs.org/create-require/-/create-require-1.1.1.tgz",
      "integrity": "sha512-dcKFX3jn0MpIaXjisoRvexIJVEKzaq7z2rZKxf+MSr9TkdmHmsU4m2lcLojrj/FHl8mk5VxMmYA+ftRkP/3oKQ==",
      "dev": true,
      "license": "MIT"
    },
    "node_modules/decimal.js": {
      "version": "10.4.3",
      "resolved": "https://registry.npmjs.org/decimal.js/-/decimal.js-10.4.3.tgz",
      "integrity": "sha512-VBBaLc1MgL5XpzgIP7ny5Z6Nx3UrRkIViUkPUdtl9aya5amy3De1gsUUSB1g3+3sExYNjCAsAznmukyxCb1GRA==",
      "license": "MIT"
    },
    "node_modules/diff": {
      "version": "4.0.2",
      "resolved": "https://registry.npmjs.org/diff/-/diff-4.0.2.tgz",
      "integrity": "sha512-58lmxKSA4BNyLz+HHMUzlOEpg09FV+ev6ZMe3vJihgdxzgcwZ8VoEEPmALCZG9LmqfVoNMMKpttIYTVG6uDY7A==",
      "dev": true,
      "license": "BSD-3-Clause",
      "engines": {
        "node": ">=0.3.1"
      }
    },
    "node_modules/make-error": {
      "version": "1.3.6",
      "resolved": "https://registry.npmjs.org/make-error/-/make-error-1.3.6.tgz",
      "integrity": "sha512-s8UhlNe7vPKomQhC1qFelMokr/Sc3AgNbso3n74mVPA5LTZwkB9NlXf4XPamLxJE8h0gh73rM94xvwRT2CVInw==",
      "dev": true,
      "license": "ISC"
    },
    "node_modules/ts-node": {
      "version": "10.9.2",
      "resolved": "https://registry.npmjs.org/ts-node/-/ts-node-10.9.2.tgz",
      "integrity": "sha512-f0FFpIdcHgn8zcPSbf1dRevwt047YMnaiJM3u2w2RewrB+fob/zePZcrOyQoLMMO7aBIddLcQIEK5dYjkLnGrQ==",
      "dev": true,
      "license": "MIT",
      "dependencies": {
        "@cspotcode/source-map-support": "^0.8.0",
        "@tsconfig/node10": "^1.0.7",
        "@tsconfig/node12": "^1.0.7",
        "@tsconfig/node14": "^1.0.0",
        "@tsconfig/node16": "^1.0.2",
        "acorn": "^8.4.1",
        "acorn-walk": "^8.1.1",
        "arg": "^4.1.0",
        "create-require": "^1.1.0",
        "diff": "^4.0.1",
        "make-error": "^1.1.1",
        "v8-compile-cache-lib": "^3.0.1",
        "yn": "3.1.1"
      },
      "bin": {
        "ts-node": "dist/bin.js",
        "ts-node-cwd": "dist/bin-cwd.js",
        "ts-node-esm": "dist/bin-esm.js",
        "ts-node-script": "dist/bin-script.js",
        "ts-node-transpile-only": "dist/bin-transpile.js",
        "ts-script": "dist/bin-script-deprecated.js"
      },
      "peerDependencies": {
        "@swc/core": ">=1.2.50",
        "@swc/wasm": ">=1.2.50",
        "@types/node": "*",
        "typescript": ">=2.7"
      },
      "peerDependenciesMeta": {
        "@swc/core": {
          "optional": true
        },
        "@swc/wasm": {
          "optional": true
        }
      }
    },
    "node_modules/typescript": {
      "version": "5.6.3",
      "resolved": "https://registry.npmjs.org/typescript/-/typescript-5.6.3.tgz",
      "integrity": "sha512-hjcS1mhfuyi4WW8IWtjP7brDrG2cuDZukyrYrSauoXGNgx0S7zceP07adYkJycEr56BOUTNPzbInooiN3fn1qw==",
      "dev": true,
      "license": "Apache-2.0",
      "bin": {
        "tsc": "bin/tsc",
        "tsserver": "bin/tsserver"
      },
      "engines": {
        "node": ">=14.17"
      }
    },
    "node_modules/undici-types": {
      "version": "6.19.8",
      "resolved": "https://registry.npmjs.org/undici-types/-/undici-types-6.19.8.tgz",
      "integrity": "sha512-ve2KP6f/JnbPBFyobGHuerC9g1FYGn/F8n1LWTwNxCEzd6IfqTwUQcNXgEtmmQ6DlRrC1hrSrBnCZPokRrDHjw==",
      "dev": true,
      "license": "MIT",
      "peer": true
    },
    "node_modules/v8-compile-cache-lib": {
      "version": "3.0.1",
      "resolved": "https://registry.npmjs.org/v8-compile-cache-lib/-/v8-compile-cache-lib-3.0.1.tgz",
      "integrity": "sha512-wa7YjyUGfNZngI/vtK0UHAN+lgDCxBPCylVXGp0zu59Fz5aiGtNXaq3DhIov063MorB+VfufLh3JlF2KdTK3xg==",
      "dev": true,
      "license": "MIT"
    },
    "node_modules/yn": {
      "version": "3.1.1",
      "resolved": "https://registry.npmjs.org/yn/-/yn-3.1.1.tgz",
      "integrity": "sha512-Ux4ygGWsu2c7isFWe8Yu1YluJmqVhxqK2cLXNQA5AcC3QfbGNpM7fu0Y8b/z16pXLnFxZYvWhd3fhBY9DLmC6Q==",
      "dev": true,
      "license": "MIT",
      "engines": {
        "node": ">=6"
      }
    }
  }
}
